
Microsoft Visual Studio Solution File, Format Version 12.00
Project("{FAE04EC0-301F-11D3-BF4B-00C04F79EFBC}") = "ResultLib", "ResultLib\ResultLib.csproj", "{00A76DEE-64F1-4B09-8F20-1C0FC7215837}"
EndProject
Project("{FAE04EC0-301F-11D3-BF4B-00C04F79EFBC}") = "ResultLib.Test", "ResultLib.Test\ResultLib.Test.csproj", "{3D9EE6E6-CF26-4183-9D55-A27B81F2544B}"
EndProject
Global
	GlobalSection(SolutionConfigurationPlatforms) = preSolution
		Debug|Any CPU = Debug|Any CPU
		Release|Any CPU = Release|Any CPU
	EndGlobalSection
	GlobalSection(ProjectConfigurationPlatforms) = postSolution
		{00A76DEE-64F1-4B09-8F20-1C0FC7215837}.Debug|Any CPU.ActiveCfg = Debug|Any CPU
		{00A76DEE-64F1-4B09-8F20-1C0FC7215837}.Debug|Any CPU.Build.0 = Debug|Any CPU
		{00A76DEE-64F1-4B09-8F20-1C0FC7215837}.Release|Any CPU.ActiveCfg = Release|Any CPU
		{00A76DEE-64F1-4B09-8F20-1C0FC7215837}.Release|Any CPU.Build.0 = Release|Any CPU
		{3D9EE6E6-CF26-4183-9D55-A27B81F2544B}.Debug|Any CPU.ActiveCfg = Debug|Any CPU
		{3D9EE6E6-CF26-4183-9D55-A27B81F2544B}.Debug|Any CPU.Build.0 = Debug|Any CPU
		{3D9EE6E6-CF26-4183-9D55-A27B81F2544B}.Release|Any CPU.ActiveCfg = Release|Any CPU
		{3D9EE6E6-CF26-4183-9D55-A27B81F2544B}.Release|Any CPU.Build.0 = Release|Any CPU
	EndGlobalSection
EndGlobal
